// !$*UTF8*$!
{
	archiveVersion = 1;
	classes = {
	};
	objectVersion = 50;
	objects = {

/* Begin PBXBuildFile section */
		467CC8BA2364449C009BBEF5 /* AppDelegate.swift in Sources */ = {isa = PBXBuildFile; fileRef = 467CC8B92364449C009BBEF5 /* AppDelegate.swift */; };
		467CC8BC2364449C009BBEF5 /* NoteVC.swift in Sources */ = {isa = PBXBuildFile; fileRef = 467CC8BB2364449C009BBEF5 /* NoteVC.swift */; };
		467CC8BF2364449C009BBEF5 /* Main.storyboard in Resources */ = {isa = PBXBuildFile; fileRef = 467CC8BD2364449C009BBEF5 /* Main.storyboard */; };
		467CC8C1236444A0009BBEF5 /* Assets.xcassets in Resources */ = {isa = PBXBuildFile; fileRef = 467CC8C0236444A0009BBEF5 /* Assets.xcassets */; };
		467CC8C4236444A0009BBEF5 /* LaunchScreen.storyboard in Resources */ = {isa = PBXBuildFile; fileRef = 467CC8C2236444A0009BBEF5 /* LaunchScreen.storyboard */; };
		467CC8D023644FA5009BBEF5 /* Note.swift in Sources */ = {isa = PBXBuildFile; fileRef = 467CC8CF23644FA5009BBEF5 /* Note.swift */; };
		467CC8D223644FE7009BBEF5 /* Enums.swift in Sources */ = {isa = PBXBuildFile; fileRef = 467CC8D123644FE7009BBEF5 /* Enums.swift */; };
		467CC8D4236450EB009BBEF5 /* NoteObject.swift in Sources */ = {isa = PBXBuildFile; fileRef = 467CC8D3236450EB009BBEF5 /* NoteObject.swift */; };
		467CC8D623645240009BBEF5 /* NoteDetailVC.swift in Sources */ = {isa = PBXBuildFile; fileRef = 467CC8D523645240009BBEF5 /* NoteDetailVC.swift */; };
		467CC8D823645DAD009BBEF5 /* NoteCell.swift in Sources */ = {isa = PBXBuildFile; fileRef = 467CC8D723645DAD009BBEF5 /* NoteCell.swift */; };
		467CC8DA23647570009BBEF5 /* Helpers.swift in Sources */ = {isa = PBXBuildFile; fileRef = 467CC8D923647570009BBEF5 /* Helpers.swift */; };
/* End PBXBuildFile section */

/* Begin PBXFileReference section */
		467CC8B62364449C009BBEF5 /* SafeNote.app */ = {isa = PBXFileReference; explicitFileType = wrapper.application; includeInIndex = 0; path = SafeNote.app; sourceTree = BUILT_PRODUCTS_DIR; };
		467CC8B92364449C009BBEF5 /* AppDelegate.swift */ = {isa = PBXFileReference; lastKnownFileType = sourcecode.swift; path = AppDelegate.swift; sourceTree = "<group>"; };
		467CC8BB2364449C009BBEF5 /* NoteVC.swift */ = {isa = PBXFileReference; lastKnownFileType = sourcecode.swift; path = NoteVC.swift; sourceTree = "<group>"; };
		467CC8BE2364449C009BBEF5 /* Base */ = {isa = PBXFileReference; lastKnownFileType = file.storyboard; name = Base; path = Base.lproj/Main.storyboard; sourceTree = "<group>"; };
		467CC8C0236444A0009BBEF5 /* Assets.xcassets */ = {isa = PBXFileReference; lastKnownFileType = folder.assetcatalog; path = Assets.xcassets; sourceTree = "<group>"; };
		467CC8C3236444A0009BBEF5 /* Base */ = {isa = PBXFileReference; lastKnownFileType = file.storyboard; name = Base; path = Base.lproj/LaunchScreen.storyboard; sourceTree = "<group>"; };
		467CC8C5236444A0009BBEF5 /* Info.plist */ = {isa = PBXFileReference; lastKnownFileType = text.plist.xml; path = Info.plist; sourceTree = "<group>"; };
		467CC8CF23644FA5009BBEF5 /* Note.swift */ = {isa = PBXFileReference; lastKnownFileType = sourcecode.swift; path = Note.swift; sourceTree = "<group>"; };
		467CC8D123644FE7009BBEF5 /* Enums.swift */ = {isa = PBXFileReference; lastKnownFileType = sourcecode.swift; path = Enums.swift; sourceTree = "<group>"; };
		467CC8D3236450EB009BBEF5 /* NoteObject.swift */ = {isa = PBXFileReference; lastKnownFileType = sourcecode.swift; path = NoteObject.swift; sourceTree = "<group>"; };
		467CC8D523645240009BBEF5 /* NoteDetailVC.swift */ = {isa = PBXFileReference; lastKnownFileType = sourcecode.swift; path = NoteDetailVC.swift; sourceTree = "<group>"; };
		467CC8D723645DAD009BBEF5 /* NoteCell.swift */ = {isa = PBXFileReference; lastKnownFileType = sourcecode.swift; path = NoteCell.swift; sourceTree = "<group>"; };
		467CC8D923647570009BBEF5 /* Helpers.swift */ = {isa = PBXFileReference; lastKnownFileType = sourcecode.swift; path = Helpers.swift; sourceTree = "<group>"; };
/* End PBXFileReference section */

/* Begin PBXFrameworksBuildPhase section */
		467CC8B32364449C009BBEF5 /* Frameworks */ = {
			isa = PBXFrameworksBuildPhase;
			buildActionMask = 2147483647;
			files = (
			);
			runOnlyForDeploymentPostprocessing = 0;
		};
/* End PBXFrameworksBuildPhase section */

/* Begin PBXGroup section */
		467CC8AD2364449C009BBEF5 = {
			isa = PBXGroup;
			children = (
				467CC8B82364449C009BBEF5 /* SafeNote */,
				467CC8B72364449C009BBEF5 /* Products */,
			);
			sourceTree = "<group>";
		};
		467CC8B72364449C009BBEF5 /* Products */ = {
			isa = PBXGroup;
			children = (
				467CC8B62364449C009BBEF5 /* SafeNote.app */,
			);
			name = Products;
			sourceTree = "<group>";
		};
		467CC8B82364449C009BBEF5 /* SafeNote */ = {
			isa = PBXGroup;
			children = (
				467CC8CE236444CE009BBEF5 /* Utilities */,
				467CC8CD236444C1009BBEF5 /* View */,
				467CC8CC236444BA009BBEF5 /* Model */,
				467CC8CB236444B0009BBEF5 /* Controller */,
				467CC8B92364449C009BBEF5 /* AppDelegate.swift */,
				467CC8BD2364449C009BBEF5 /* Main.storyboard */,
				467CC8C0236444A0009BBEF5 /* Assets.xcassets */,
				467CC8C2236444A0009BBEF5 /* LaunchScreen.storyboard */,
				467CC8C5236444A0009BBEF5 /* Info.plist */,
			);
			path = SafeNote;
			sourceTree = "<group>";
		};
		467CC8CB236444B0009BBEF5 /* Controller */ = {
			isa = PBXGroup;
			children = (
				467CC8BB2364449C009BBEF5 /* NoteVC.swift */,
				467CC8D523645240009BBEF5 /* NoteDetailVC.swift */,
			);
			path = Controller;
			sourceTree = "<group>";
		};
		467CC8CC236444BA009BBEF5 /* Model */ = {
			isa = PBXGroup;
			children = (
				467CC8CF23644FA5009BBEF5 /* Note.swift */,
			);
			path = Model;
			sourceTree = "<group>";
		};
		467CC8CD236444C1009BBEF5 /* View */ = {
			isa = PBXGroup;
			children = (
				467CC8D723645DAD009BBEF5 /* NoteCell.swift */,
			);
			path = View;
			sourceTree = "<group>";
		};
		467CC8CE236444CE009BBEF5 /* Utilities */ = {
			isa = PBXGroup;
			children = (
				467CC8D123644FE7009BBEF5 /* Enums.swift */,
				467CC8D3236450EB009BBEF5 /* NoteObject.swift */,
				467CC8D923647570009BBEF5 /* Helpers.swift */,
			);
			path = Utilities;
			sourceTree = "<group>";
		};
/* End PBXGroup section */

/* Begin PBXNativeTarget section */
		467CC8B52364449C009BBEF5 /* SafeNote */ = {
			isa = PBXNativeTarget;
			buildConfigurationList = 467CC8C8236444A0009BBEF5 /* Build configuration list for PBXNativeTarget "SafeNote" */;
			buildPhases = (
				467CC8B22364449C009BBEF5 /* Sources */,
				467CC8B32364449C009BBEF5 /* Frameworks */,
				467CC8B42364449C009BBEF5 /* Resources */,
			);
			buildRules = (
			);
			dependencies = (
			);
			name = SafeNote;
			productName = SafeNote;
			productReference = 467CC8B62364449C009BBEF5 /* SafeNote.app */;
			productType = "com.apple.product-type.application";
		};
/* End PBXNativeTarget section */

/* Begin PBXProject section */
		467CC8AE2364449C009BBEF5 /* Project object */ = {
			isa = PBXProject;
			attributes = {
				LastSwiftUpdateCheck = 1000;
				LastUpgradeCheck = 1000;
				ORGANIZATIONNAME = "Mahmoud Elshakoushy";
				TargetAttributes = {
					467CC8B52364449C009BBEF5 = {
						CreatedOnToolsVersion = 10.0;
					};
				};
			};
			buildConfigurationList = 467CC8B12364449C009BBEF5 /* Build configuration list for PBXProject "SafeNote" */;
			compatibilityVersion = "Xcode 9.3";
			developmentRegion = en;
			hasScannedForEncodings = 0;
			knownRegions = (
				en,
				Base,
			);
			mainGroup = 467CC8AD2364449C009BBEF5;
			productRefGroup = 467CC8B72364449C009BBEF5 /* Products */;
			projectDirPath = "";
			projectRoot = "";
			targets = (
				467CC8B52364449C009BBEF5 /* SafeNote */,
			);
		};
/* End PBXProject section */

/* Begin PBXResourcesBuildPhase section */
		467CC8B42364449C009BBEF5 /* Resources */ = {
			isa = PBXResourcesBuildPhase;
			buildActionMask = 2147483647;
			files = (
				467CC8C4236444A0009BBEF5 /* LaunchScreen.storyboard in Resources */,
				467CC8C1236444A0009BBEF5 /* Assets.xcassets in Resources */,
				467CC8BF2364449C009BBEF5 /* Main.storyboard in Resources */,
			);
			runOnlyForDeploymentPostprocessing = 0;
		};
/* End PBXResourcesBuildPhase section */

/* Begin PBXSourcesBuildPhase section */
		467CC8B22364449C009BBEF5 /* Sources */ = {
			isa = PBXSourcesBuildPhase;
			buildActionMask = 2147483647;
			files = (
				467CC8BC2364449C009BBEF5 /* NoteVC.swift in Sources */,
				467CC8BA2364449C009BBEF5 /* AppDelegate.swift in Sources */,
				467CC8D223644FE7009BBEF5 /* Enums.swift in Sources */,
				467CC8DA23647570009BBEF5 /* Helpers.swift in Sources */,
				467CC8D023644FA5009BBEF5 /* Note.swift in Sources */,
				467CC8D623645240009BBEF5 /* NoteDetailVC.swift in Sources */,
				467CC8D823645DAD009BBEF5 /* NoteCell.swift in Sources */,
				467CC8D4236450EB009BBEF5 /* NoteObject.swift in Sources */,
			);
			runOnlyForDeploymentPostprocessing = 0;
		};
/* End PBXSourcesBuildPhase section */

/* Begin PBXVariantGroup section */
		467CC8BD2364449C009BBEF5 /* Main.storyboard */ = {
			isa = PBXVariantGroup;
			children = (
				467CC8BE2364449C009BBEF5 /* Base */,
			);
			name = Main.storyboard;
			sourceTree = "<group>";
		};
		467CC8C2236444A0009BBEF5 /* LaunchScreen.storyboard */ = {
			isa = PBXVariantGroup;
			children = (
				467CC8C3236444A0009BBEF5 /* Base */,
			);
			name = LaunchScreen.storyboard;
			sourceTree = "<group>";
		};
/* End PBXVariantGroup section */

/* Begin XCBuildConfiguration section */
		467CC8C6236444A0009BBEF5 /* Debug */ = {
			isa = XCBuildConfiguration;
			buildSettings = {
				ALWAYS_SEARCH_USER_PATHS = NO;
				CLANG_ANALYZER_NONNULL = YES;
				CLANG_ANALYZER_NUMBER_OBJECT_CONVERSION = YES_AGGRESSIVE;
				CLANG_CXX_LANGUAGE_STANDARD = "gnu++14";
				CLANG_CXX_LIBRARY = "libc++";
				CLANG_ENABLE_MODULES = YES;
				CLANG_ENABLE_OBJC_ARC = YES;
				CLANG_ENABLE_OBJC_WEAK = YES;
				CLANG_WARN_BLOCK_CAPTURE_AUTORELEASING = YES;
				CLANG_WARN_BOOL_CONVERSION = YES;
				CLANG_WARN_COMMA = YES;
				CLANG_WARN_CONSTANT_CONVERSION = YES;
				CLANG_WARN_DEPRECATED_OBJC_IMPLEMENTATIONS = YES;
				CLANG_WARN_DIRECT_OBJC_ISA_USAGE = YES_ERROR;
				CLANG_WARN_DOCUMENTATION_COMMENTS = YES;
				CLANG_WARN_EMPTY_BODY = YES;
				CLANG_WARN_ENUM_CONVERSION = YES;
				CLANG_WARN_INFINITE_RECURSION = YES;
				CLANG_WARN_INT_CONVERSION = YES;
				CLANG_WARN_NON_LITERAL_NULL_CONVERSION = YES;
				CLANG_WARN_OBJC_IMPLICIT_RETAIN_SELF = YES;
				CLANG_WARN_OBJC_LITERAL_CONVERSION = YES;
				CLANG_WARN_OBJC_ROOT_CLASS = YES_ERROR;
				CLANG_WARN_RANGE_LOOP_ANALYSIS = YES;
				CLANG_WARN_STRICT_PROTOTYPES = YES;
				CLANG_WARN_SUSPICIOUS_MOVE = YES;
				CLANG_WARN_UNGUARDED_AVAILABILITY = YES_AGGRESSIVE;
				CLANG_WARN_UNREACHABLE_CODE = YES;
				CLANG_WARN__DUPLICATE_METHOD_MATCH = YES;
				CODE_SIGN_IDENTITY = "iPhone Developer";
				COPY_PHASE_STRIP = NO;
				DEBUG_INFORMATION_FORMAT = dwarf;
				ENABLE_STRICT_OBJC_MSGSEND = YES;
				ENABLE_TESTABILITY = YES;
				GCC_C_LANGUAGE_STANDARD = gnu11;
				GCC_DYNAMIC_NO_PIC = NO;
				GCC_NO_COMMON_BLOCKS = YES;
				GCC_OPTIMIZATION_LEVEL = 0;
				GCC_PREPROCESSOR_DEFINITIONS = (
					"DEBUG=1",
					"$(inherited)",
				);
				GCC_WARN_64_TO_32_BIT_CONVERSION = YES;
				GCC_WARN_ABOUT_RETURN_TYPE = YES_ERROR;
				GCC_WARN_UNDECLARED_SELECTOR = YES;
				GCC_WARN_UNINITIALIZED_AUTOS = YES_AGGRESSIVE;
				GCC_WARN_UNUSED_FUNCTION = YES;
				GCC_WARN_UNUSED_VARIABLE = YES;
				IPHONEOS_DEPLOYMENT_TARGET = 12.0;
				MTL_ENABLE_DEBUG_INFO = INCLUDE_SOURCE;
				MTL_FAST_MATH = YES;
				ONLY_ACTIVE_ARCH = YES;
				SDKROOT = iphoneos;
				SWIFT_ACTIVE_COMPILATION_CONDITIONS = DEBUG;
				SWIFT_OPTIMIZATION_LEVEL = "-Onone";
			};
			name = Debug;
		};
		467CC8C7236444A0009BBEF5 /* Release */ = {
			isa = XCBuildConfiguration;
			buildSettings = {
				ALWAYS_SEARCH_USER_PATHS = NO;
				CLANG_ANALYZER_NONNULL = YES;
				CLANG_ANALYZER_NUMBER_OBJECT_CONVERSION = YES_AGGRESSIVE;
				CLANG_CXX_LANGUAGE_STANDARD = "gnu++14";
				CLANG_CXX_LIBRARY = "libc++";
				CLANG_ENABLE_MODULES = YES;
				CLANG_ENABLE_OBJC_ARC = YES;
				CLANG_ENABLE_OBJC_WEAK = YES;
				CLANG_WARN_BLOCK_CAPTURE_AUTORELEASING = YES;
				CLANG_WARN_BOOL_CONVERSION = YES;
				CLANG_WARN_COMMA = YES;
				CLANG_WARN_CONSTANT_CONVERSION = YES;
				CLANG_WARN_DEPRECATED_OBJC_IMPLEMENTATIONS = YES;
				CLANG_WARN_DIRECT_OBJC_ISA_USAGE = YES_ERROR;
				CLANG_WARN_DOCUMENTATION_COMMENTS = YES;
				CLANG_WARN_EMPTY_BODY = YES;
				CLANG_WARN_ENUM_CONVERSION = YES;
				CLANG_WARN_INFINITE_RECURSION = YES;
				CLANG_WARN_INT_CONVERSION = YES;
				CLANG_WARN_NON_LITERAL_NULL_CONVERSION = YES;
				CLANG_WARN_OBJC_IMPLICIT_RETAIN_SELF = YES;
				CLANG_WARN_OBJC_LITERAL_CONVERSION = YES;
				CLANG_WARN_OBJC_ROOT_CLASS = YES_ERROR;
				CLANG_WARN_RANGE_LOOP_ANALYSIS = YES;
				CLANG_WARN_STRICT_PROTOTYPES = YES;
				CLANG_WARN_SUSPICIOUS_MOVE = YES;
				CLANG_WARN_UNGUARDED_AVAILABILITY = YES_AGGRESSIVE;
				CLANG_WARN_UNREACHABLE_CODE = YES;
				CLANG_WARN__DUPLICATE_METHOD_MATCH = YES;
				CODE_SIGN_IDENTITY = "iPhone Developer";
				COPY_PHASE_STRIP = NO;
				DEBUG_INFORMATION_FORMAT = "dwarf-with-dsym";
				ENABLE_NS_ASSERTIONS = NO;
				ENABLE_STRICT_OBJC_MSGSEND = YES;
				GCC_C_LANGUAGE_STANDARD = gnu11;
				GCC_NO_COMMON_BLOCKS = YES;
				GCC_WARN_64_TO_32_BIT_CONVERSION = YES;
				GCC_WARN_ABOUT_RETURN_TYPE = YES_ERROR;
				GCC_WARN_UNDECLARED_SELECTOR = YES;
				GCC_WARN_UNINITIALIZED_AUTOS = YES_AGGRESSIVE;
				GCC_WARN_UNUSED_FUNCTION = YES;
				GCC_WARN_UNUSED_VARIABLE = YES;
				IPHONEOS_DEPLOYMENT_TARGET = 12.0;
				MTL_ENABLE_DEBUG_INFO = NO;
				MTL_FAST_MATH = YES;
				SDKROOT = iphoneos;
				SWIFT_COMPILATION_MODE = wholemodule;
				SWIFT_OPTIMIZATION_LEVEL = "-O";
				VALIDATE_PRODUCT = YES;
			};
			name = Release;
		};
		467CC8C9236444A0009BBEF5 /* Debug */ = {
			isa = XCBuildConfiguration;
			buildSettings = {
				ASSETCATALOG_COMPILER_APPICON_NAME = AppIcon;
				CODE_SIGN_STYLE = Automatic;
				DEVELOPMENT_TEAM = 45S7VN2TT3;
				INFOPLIST_FILE = SafeNote/Info.plist;
				LD_RUNPATH_SEARCH_PATHS = (
					"$(inherited)",
					"@executable_path/Frameworks",
				);
				PRODUCT_BUNDLE_IDENTIFIER = com.elshakoushy.SafeNote;
				PRODUCT_NAME = "$(TARGET_NAME)";
				SWIFT_VERSION = 4.2;
				TARGETED_DEVICE_FAMILY = "1,2";
			};
			name = Debug;
		};
		467CC8CA236444A0009BBEF5 /* Release */ = {
			isa = XCBuildConfiguration;
			buildSettings = {
				ASSETCATALOG_COMPILER_APPICON_NAME = AppIcon;
				CODE_SIGN_STYLE = Automatic;
				DEVELOPMENT_TEAM = 45S7VN2TT3;
				INFOPLIST_FILE = SafeNote/Info.plist;
				LD_RUNPATH_SEARCH_PATHS = (
					"$(inherited)",
					"@executable_path/Frameworks",
				);
				PRODUCT_BUNDLE_IDENTIFIER = com.elshakoushy.SafeNote;
				PRODUCT_NAME = "$(TARGET_NAME)";
				SWIFT_VERSION = 4.2;
				TARGETED_DEVICE_FAMILY = "1,2";
			};
			name = Release;
		};
/* End XCBuildConfiguration section */

/* Begin XCConfigurationList section */
		467CC8B12364449C009BBEF5 /* Build configuration list for PBXProject "SafeNote" */ = {
			isa = XCConfigurationList;
			buildConfigurations = (
				467CC8C6236444A0009BBEF5 /* Debug */,
				467CC8C7236444A0009BBEF5 /* Release */,
			);
			defaultConfigurationIsVisible = 0;
			defaultConfigurationName = Release;
		};
		467CC8C8236444A0009BBEF5 /* Build configuration list for PBXNativeTarget "SafeNote" */ = {
			isa = XCConfigurationList;
			buildConfigurations = (
				467CC8C9236444A0009BBEF5 /* Debug */,
				467CC8CA236444A0009BBEF5 /* Release */,
			);
			defaultConfigurationIsVisible = 0;
			defaultConfigurationName = Release;
		};
/* End XCConfigurationList section */
	};
	rootObject = 467CC8AE2364449C009BBEF5 /* Project object */;
}
